// !$*UTF8*$!
{
	archiveVersion = 1;
	classes = {
	};
	objectVersion = 46;
	objects = {

/* Begin PBXBuildFile section */
		04561BC61C3229E500326192 /* main.m in Sources */ = {isa = PBXBuildFile; fileRef = 04561BC51C3229E500326192 /* main.m */; };
		04561BC91C3229E500326192 /* AppDelegate.m in Sources */ = {isa = PBXBuildFile; fileRef = 04561BC81C3229E500326192 /* AppDelegate.m */; };
		04561BCC1C3229E500326192 /* ViewController.m in Sources */ = {isa = PBXBuildFile; fileRef = 04561BCB1C3229E500326192 /* ViewController.m */; };
		04561BCF1C3229E500326192 /* Main.storyboard in Resources */ = {isa = PBXBuildFile; fileRef = 04561BCD1C3229E500326192 /* Main.storyboard */; };
		04561BD11C3229E500326192 /* Assets.xcassets in Resources */ = {isa = PBXBuildFile; fileRef = 04561BD01C3229E500326192 /* Assets.xcassets */; };
		04561BD41C3229E500326192 /* LaunchScreen.storyboard in Resources */ = {isa = PBXBuildFile; fileRef = 04561BD21C3229E500326192 /* LaunchScreen.storyboard */; };
		04561BDF1C3229E500326192 /* SliderGuideDemoTests.m in Sources */ = {isa = PBXBuildFile; fileRef = 04561BDE1C3229E500326192 /* SliderGuideDemoTests.m */; };
		04561BEA1C3229E500326192 /* SliderGuideDemoUITests.m in Sources */ = {isa = PBXBuildFile; fileRef = 04561BE91C3229E500326192 /* SliderGuideDemoUITests.m */; };
/* End PBXBuildFile section */

/* Begin PBXContainerItemProxy section */
		04561BDB1C3229E500326192 /* PBXContainerItemProxy */ = {
			isa = PBXContainerItemProxy;
			containerPortal = 04561BB91C3229E500326192 /* Project object */;
			proxyType = 1;
			remoteGlobalIDString = 04561BC01C3229E500326192;
			remoteInfo = SliderGuideDemo;
		};
		04561BE61C3229E500326192 /* PBXContainerItemProxy */ = {
			isa = PBXContainerItemProxy;
			containerPortal = 04561BB91C3229E500326192 /* Project object */;
			proxyType = 1;
			remoteGlobalIDString = 04561BC01C3229E500326192;
			remoteInfo = SliderGuideDemo;
		};
/* End PBXContainerItemProxy section */

/* Begin PBXFileReference section */
		04561BC11C3229E500326192 /* SliderGuideDemo.app */ = {isa = PBXFileReference; explicitFileType = wrapper.application; includeInIndex = 0; path = SliderGuideDemo.app; sourceTree = BUILT_PRODUCTS_DIR; };
		04561BC51C3229E500326192 /* main.m */ = {isa = PBXFileReference; lastKnownFileType = sourcecode.c.objc; path = main.m; sourceTree = "<group>"; };
		04561BC71C3229E500326192 /* AppDelegate.h */ = {isa = PBXFileReference; lastKnownFileType = sourcecode.c.h; path = AppDelegate.h; sourceTree = "<group>"; };
		04561BC81C3229E500326192 /* AppDelegate.m */ = {isa = PBXFileReference; lastKnownFileType = sourcecode.c.objc; path = AppDelegate.m; sourceTree = "<group>"; };
		04561BCA1C3229E500326192 /* ViewController.h */ = {isa = PBXFileReference; lastKnownFileType = sourcecode.c.h; path = ViewController.h; sourceTree = "<group>"; };
		04561BCB1C3229E500326192 /* ViewController.m */ = {isa = PBXFileReference; lastKnownFileType = sourcecode.c.objc; path = ViewController.m; sourceTree = "<group>"; };
		04561BCE1C3229E500326192 /* Base */ = {isa = PBXFileReference; lastKnownFileType = file.storyboard; name = Base; path = Base.lproj/Main.storyboard; sourceTree = "<group>"; };
		04561BD01C3229E500326192 /* Assets.xcassets */ = {isa = PBXFileReference; lastKnownFileType = folder.assetcatalog; path = Assets.xcassets; sourceTree = "<group>"; };
		04561BD31C3229E500326192 /* Base */ = {isa = PBXFileReference; lastKnownFileType = file.storyboard; name = Base; path = Base.lproj/LaunchScreen.storyboard; sourceTree = "<group>"; };
		04561BD51C3229E500326192 /* Info.plist */ = {isa = PBXFileReference; lastKnownFileType = text.plist.xml; path = Info.plist; sourceTree = "<group>"; };
		04561BDA1C3229E500326192 /* SliderGuideDemoTests.xctest */ = {isa = PBXFileReference; explicitFileType = wrapper.cfbundle; includeInIndex = 0; path = SliderGuideDemoTests.xctest; sourceTree = BUILT_PRODUCTS_DIR; };
		04561BDE1C3229E500326192 /* SliderGuideDemoTests.m */ = {isa = PBXFileReference; lastKnownFileType = sourcecode.c.objc; path = SliderGuideDemoTests.m; sourceTree = "<group>"; };
		04561BE01C3229E500326192 /* Info.plist */ = {isa = PBXFileReference; lastKnownFileType = text.plist.xml; path = Info.plist; sourceTree = "<group>"; };
		04561BE51C3229E500326192 /* SliderGuideDemoUITests.xctest */ = {isa = PBXFileReference; explicitFileType = wrapper.cfbundle; includeInIndex = 0; path = SliderGuideDemoUITests.xctest; sourceTree = BUILT_PRODUCTS_DIR; };
		04561BE91C3229E500326192 /* SliderGuideDemoUITests.m */ = {isa = PBXFileReference; lastKnownFileType = sourcecode.c.objc; path = SliderGuideDemoUITests.m; sourceTree = "<group>"; };
		04561BEB1C3229E500326192 /* Info.plist */ = {isa = PBXFileReference; lastKnownFileType = text.plist.xml; path = Info.plist; sourceTree = "<group>"; };
/* End PBXFileReference section */

/* Begin PBXFrameworksBuildPhase section */
		04561BBE1C3229E500326192 /* Frameworks */ = {
			isa = PBXFrameworksBuildPhase;
			buildActionMask = 2147483647;
			files = (
			);
			runOnlyForDeploymentPostprocessing = 0;
		};
		04561BD71C3229E500326192 /* Frameworks */ = {
			isa = PBXFrameworksBuildPhase;
			buildActionMask = 2147483647;
			files = (
			);
			runOnlyForDeploymentPostprocessing = 0;
		};
		04561BE21C3229E500326192 /* Frameworks */ = {
			isa = PBXFrameworksBuildPhase;
			buildActionMask = 2147483647;
			files = (
			);
			runOnlyForDeploymentPostprocessing = 0;
		};
/* End PBXFrameworksBuildPhase section */

/* Begin PBXGroup section */
		04561BB81C3229E500326192 = {
			isa = PBXGroup;
			children = (
				04561BC31C3229E500326192 /* SliderGuideDemo */,
				04561BDD1C3229E500326192 /* SliderGuideDemoTests */,
				04561BE81C3229E500326192 /* SliderGuideDemoUITests */,
				04561BC21C3229E500326192 /* Products */,
			);
			sourceTree = "<group>";
		};
		04561BC21C3229E500326192 /* Products */ = {
			isa = PBXGroup;
			children = (
				04561BC11C3229E500326192 /* SliderGuideDemo.app */,
				04561BDA1C3229E500326192 /* SliderGuideDemoTests.xctest */,
				04561BE51C3229E500326192 /* SliderGuideDemoUITests.xctest */,
			);
			name = Products;
			sourceTree = "<group>";
		};
		04561BC31C3229E500326192 /* SliderGuideDemo */ = {
			isa = PBXGroup;
			children = (
				04561BC71C3229E500326192 /* AppDelegate.h */,
				04561BC81C3229E500326192 /* AppDelegate.m */,
				04561BCA1C3229E500326192 /* ViewController.h */,
				04561BCB1C3229E500326192 /* ViewController.m */,
				04561BCD1C3229E500326192 /* Main.storyboard */,
				04561BD01C3229E500326192 /* Assets.xcassets */,
				04561BD21C3229E500326192 /* LaunchScreen.storyboard */,
				04561BD51C3229E500326192 /* Info.plist */,
				04561BC41C3229E500326192 /* Supporting Files */,
			);
			path = SliderGuideDemo;
			sourceTree = "<group>";
		};
		04561BC41C3229E500326192 /* Supporting Files */ = {
			isa = PBXGroup;
			children = (
				04561BC51C3229E500326192 /* main.m */,
			);
			name = "Supporting Files";
			sourceTree = "<group>";
		};
		04561BDD1C3229E500326192 /* SliderGuideDemoTests */ = {
			isa = PBXGroup;
			children = (
				04561BDE1C3229E500326192 /* SliderGuideDemoTests.m */,
				04561BE01C3229E500326192 /* Info.plist */,
			);
			path = SliderGuideDemoTests;
			sourceTree = "<group>";
		};
		04561BE81C3229E500326192 /* SliderGuideDemoUITests */ = {
			isa = PBXGroup;
			children = (
				04561BE91C3229E500326192 /* SliderGuideDemoUITests.m */,
				04561BEB1C3229E500326192 /* Info.plist */,
			);
			path = SliderGuideDemoUITests;
			sourceTree = "<group>";
		};
/* End PBXGroup section */

/* Begin PBXNativeTarget section */
		04561BC01C3229E500326192 /* SliderGuideDemo */ = {
			isa = PBXNativeTarget;
			buildConfigurationList = 04561BEE1C3229E500326192 /* Build configuration list for PBXNativeTarget "SliderGuideDemo" */;
			buildPhases = (
				04561BBD1C3229E500326192 /* Sources */,
				04561BBE1C3229E500326192 /* Frameworks */,
				04561BBF1C3229E500326192 /* Resources */,
			);
			buildRules = (
			);
			dependencies = (
			);
			name = SliderGuideDemo;
			productName = SliderGuideDemo;
			productReference = 04561BC11C3229E500326192 /* SliderGuideDemo.app */;
			productType = "com.apple.product-type.application";
		};
		04561BD91C3229E500326192 /* SliderGuideDemoTests */ = {
			isa = PBXNativeTarget;
			buildConfigurationList = 04561BF11C3229E500326192 /* Build configuration list for PBXNativeTarget "SliderGuideDemoTests" */;
			buildPhases = (
				04561BD61C3229E500326192 /* Sources */,
				04561BD71C3229E500326192 /* Frameworks */,
				04561BD81C3229E500326192 /* Resources */,
			);
			buildRules = (
			);
			dependencies = (
				04561BDC1C3229E500326192 /* PBXTargetDependency */,
			);
			name = SliderGuideDemoTests;
			productName = SliderGuideDemoTests;
			productReference = 04561BDA1C3229E500326192 /* SliderGuideDemoTests.xctest */;
			productType = "com.apple.product-type.bundle.unit-test";
		};
		04561BE41C3229E500326192 /* SliderGuideDemoUITests */ = {
			isa = PBXNativeTarget;
			buildConfigurationList = 04561BF41C3229E500326192 /* Build configuration list for PBXNativeTarget "SliderGuideDemoUITests" */;
			buildPhases = (
				04561BE11C3229E500326192 /* Sources */,
				04561BE21C3229E500326192 /* Frameworks */,
				04561BE31C3229E500326192 /* Resources */,
			);
			buildRules = (
			);
			dependencies = (
				04561BE71C3229E500326192 /* PBXTargetDependency */,
			);
			name = SliderGuideDemoUITests;
			productName = SliderGuideDemoUITests;
			productReference = 04561BE51C3229E500326192 /* SliderGuideDemoUITests.xctest */;
			productType = "com.apple.product-type.bundle.ui-testing";
		};
/* End PBXNativeTarget section */

/* Begin PBXProject section */
		04561BB91C3229E500326192 /* Project object */ = {
			isa = PBXProject;
			attributes = {
				LastUpgradeCheck = 0720;
				ORGANIZATIONNAME = zhanglei;
				TargetAttributes = {
					04561BC01C3229E500326192 = {
						CreatedOnToolsVersion = 7.2;
					};
					04561BD91C3229E500326192 = {
						CreatedOnToolsVersion = 7.2;
						TestTargetID = 04561BC01C3229E500326192;
					};
					04561BE41C3229E500326192 = {
						CreatedOnToolsVersion = 7.2;
						TestTargetID = 04561BC01C3229E500326192;
					};
				};
			};
			buildConfigurationList = 04561BBC1C3229E500326192 /* Build configuration list for PBXProject "SliderGuideDemo" */;
			compatibilityVersion = "Xcode 3.2";
			developmentRegion = English;
			hasScannedForEncodings = 0;
			knownRegions = (
				en,
				Base,
			);
			mainGroup = 04561BB81C3229E500326192;
			productRefGroup = 04561BC21C3229E500326192 /* Products */;
			projectDirPath = "";
			projectRoot = "";
			targets = (
				04561BC01C3229E500326192 /* SliderGuideDemo */,
				04561BD91C3229E500326192 /* SliderGuideDemoTests */,
				04561BE41C3229E500326192 /* SliderGuideDemoUITests */,
			);
		};
/* End PBXProject section */

/* Begin PBXResourcesBuildPhase section */
		04561BBF1C3229E500326192 /* Resources */ = {
			isa = PBXResourcesBuildPhase;
			buildActionMask = 2147483647;
			files = (
				04561BD41C3229E500326192 /* LaunchScreen.storyboard in Resources */,
				04561BD11C3229E500326192 /* Assets.xcassets in Resources */,
				04561BCF1C3229E500326192 /* Main.storyboard in Resources */,
			);
			runOnlyForDeploymentPostprocessing = 0;
		};
		04561BD81C3229E500326192 /* Resources */ = {
			isa = PBXResourcesBuildPhase;
			buildActionMask = 2147483647;
			files = (
			);
			runOnlyForDeploymentPostprocessing = 0;
		};
		04561BE31C3229E500326192 /* Resources */ = {
			isa = PBXResourcesBuildPhase;
			buildActionMask = 2147483647;
			files = (
			);
			runOnlyForDeploymentPostprocessing = 0;
		};
/* End PBXResourcesBuildPhase section */

/* Begin PBXSourcesBuildPhase section */
		04561BBD1C3229E500326192 /* Sources */ = {
			isa = PBXSourcesBuildPhase;
			buildActionMask = 2147483647;
			files = (
				04561BCC1C3229E500326192 /* ViewController.m in Sources */,
				04561BC91C3229E500326192 /* AppDelegate.m in Sources */,
				04561BC61C3229E500326192 /* main.m in Sources */,
			);
			runOnlyForDeploymentPostprocessing = 0;
		};
		04561BD61C3229E500326192 /* Sources */ = {
			isa = PBXSourcesBuildPhase;
			buildActionMask = 2147483647;
			files = (
				04561BDF1C3229E500326192 /* SliderGuideDemoTests.m in Sources */,
			);
			runOnlyForDeploymentPostprocessing = 0;
		};
		04561BE11C3229E500326192 /* Sources */ = {
			isa = PBXSourcesBuildPhase;
			buildActionMask = 2147483647;
			files = (
				04561BEA1C3229E500326192 /* SliderGuideDemoUITests.m in Sources */,
			);
			runOnlyForDeploymentPostprocessing = 0;
		};
/* End PBXSourcesBuildPhase section */

/* Begin PBXTargetDependency section */
		04561BDC1C3229E500326192 /* PBXTargetDependency */ = {
			isa = PBXTargetDependency;
			target = 04561BC01C3229E500326192 /* SliderGuideDemo */;
			targetProxy = 04561BDB1C3229E500326192 /* PBXContainerItemProxy */;
		};
		04561BE71C3229E500326192 /* PBXTargetDependency */ = {
			isa = PBXTargetDependency;
			target = 04561BC01C3229E500326192 /* SliderGuideDemo */;
			targetProxy = 04561BE61C3229E500326192 /* PBXContainerItemProxy */;
		};
/* End PBXTargetDependency section */

/* Begin PBXVariantGroup section */
		04561BCD1C3229E500326192 /* Main.storyboard */ = {
			isa = PBXVariantGroup;
			children = (
				04561BCE1C3229E500326192 /* Base */,
			);
			name = Main.storyboard;
			sourceTree = "<group>";
		};
		04561BD21C3229E500326192 /* LaunchScreen.storyboard */ = {
			isa = PBXVariantGroup;
			children = (
				04561BD31C3229E500326192 /* Base */,
			);
			name = LaunchScreen.storyboard;
			sourceTree = "<group>";
		};
/* End PBXVariantGroup section */

/* Begin XCBuildConfiguration section */
		04561BEC1C3229E500326192 /* Debug */ = {
			isa = XCBuildConfiguration;
			buildSettings = {
				ALWAYS_SEARCH_USER_PATHS = NO;
				CLANG_CXX_LANGUAGE_STANDARD = "gnu++0x";
				CLANG_CXX_LIBRARY = "libc++";
				CLANG_ENABLE_MODULES = YES;
				CLANG_ENABLE_OBJC_ARC = YES;
				CLANG_WARN_BOOL_CONVERSION = YES;
				CLANG_WARN_CONSTANT_CONVERSION = YES;
				CLANG_WARN_DIRECT_OBJC_ISA_USAGE = YES_ERROR;
				CLANG_WARN_EMPTY_BODY = YES;
				CLANG_WARN_ENUM_CONVERSION = YES;
				CLANG_WARN_INT_CONVERSION = YES;
				CLANG_WARN_OBJC_ROOT_CLASS = YES_ERROR;
				CLANG_WARN_UNREACHABLE_CODE = YES;
				CLANG_WARN__DUPLICATE_METHOD_MATCH = YES;
				"CODE_SIGN_IDENTITY[sdk=iphoneos*]" = "iPhone Developer";
				COPY_PHASE_STRIP = NO;
				DEBUG_INFORMATION_FORMAT = dwarf;
				ENABLE_STRICT_OBJC_MSGSEND = YES;
				ENABLE_TESTABILITY = YES;
				GCC_C_LANGUAGE_STANDARD = gnu99;
				GCC_DYNAMIC_NO_PIC = NO;
				GCC_NO_COMMON_BLOCKS = YES;
				GCC_OPTIMIZATION_LEVEL = 0;
				GCC_PREPROCESSOR_DEFINITIONS = (
					"DEBUG=1",
					"$(inherited)",
				);
				GCC_WARN_64_TO_32_BIT_CONVERSION = YES;
				GCC_WARN_ABOUT_RETURN_TYPE = YES_ERROR;
				GCC_WARN_UNDECLARED_SELECTOR = YES;
				GCC_WARN_UNINITIALIZED_AUTOS = YES_AGGRESSIVE;
				GCC_WARN_UNUSED_FUNCTION = YES;
				GCC_WARN_UNUSED_VARIABLE = YES;
				IPHONEOS_DEPLOYMENT_TARGET = 9.2;
				MTL_ENABLE_DEBUG_INFO = YES;
				ONLY_ACTIVE_ARCH = YES;
				SDKROOT = iphoneos;
			};
			name = Debug;
		};
		04561BED1C3229E500326192 /* Release */ = {
			isa = XCBuildConfiguration;
			buildSettings = {
				ALWAYS_SEARCH_USER_PATHS = NO;
				CLANG_CXX_LANGUAGE_STANDARD = "gnu++0x";
				CLANG_CXX_LIBRARY = "libc++";
				CLANG_ENABLE_MODULES = YES;
				CLANG_ENABLE_OBJC_ARC = YES;
				CLANG_WARN_BOOL_CONVERSION = YES;
				CLANG_WARN_CONSTANT_CONVERSION = YES;
				CLANG_WARN_DIRECT_OBJC_ISA_USAGE = YES_ERROR;
				CLANG_WARN_EMPTY_BODY = YES;
				CLANG_WARN_ENUM_CONVERSION = YES;
				CLANG_WARN_INT_CONVERSION = YES;
				CLANG_WARN_OBJC_ROOT_CLASS = YES_ERROR;
				CLANG_WARN_UNREACHABLE_CODE = YES;
				CLANG_WARN__DUPLICATE_METHOD_MATCH = YES;
				"CODE_SIGN_IDENTITY[sdk=iphoneos*]" = "iPhone Developer";
				COPY_PHASE_STRIP = NO;
				DEBUG_INFORMATION_FORMAT = "dwarf-with-dsym";
				ENABLE_NS_ASSERTIONS = NO;
				ENABLE_STRICT_OBJC_MSGSEND = YES;
				GCC_C_LANGUAGE_STANDARD = gnu99;
				GCC_NO_COMMON_BLOCKS = YES;
				GCC_WARN_64_TO_32_BIT_CONVERSION = YES;
				GCC_WARN_ABOUT_RETURN_TYPE = YES_ERROR;
				GCC_WARN_UNDECLARED_SELECTOR = YES;
				GCC_WARN_UNINITIALIZED_AUTOS = YES_AGGRESSIVE;
				GCC_WARN_UNUSED_FUNCTION = YES;
				GCC_WARN_UNUSED_VARIABLE = YES;
				IPHONEOS_DEPLOYMENT_TARGET = 9.2;
				MTL_ENABLE_DEBUG_INFO = NO;
				SDKROOT = iphoneos;
				VALIDATE_PRODUCT = YES;
			};
			name = Release;
		};
		04561BEF1C3229E500326192 /* Debug */ = {
			isa = XCBuildConfiguration;
			buildSettings = {
				ASSETCATALOG_COMPILER_APPICON_NAME = AppIcon;
				INFOPLIST_FILE = SliderGuideDemo/Info.plist;
				LD_RUNPATH_SEARCH_PATHS = "$(inherited) @executable_path/Frameworks";
				PRODUCT_BUNDLE_IDENTIFIER = zhanglei.SliderGuideDemo;
				PRODUCT_NAME = "$(TARGET_NAME)";
			};
			name = Debug;
		};
		04561BF01C3229E500326192 /* Release */ = {
			isa = XCBuildConfiguration;
			buildSettings = {
				ASSETCATALOG_COMPILER_APPICON_NAME = AppIcon;
				INFOPLIST_FILE = SliderGuideDemo/Info.plist;
				LD_RUNPATH_SEARCH_PATHS = "$(inherited) @executable_path/Frameworks";
				PRODUCT_BUNDLE_IDENTIFIER = zhanglei.SliderGuideDemo;
				PRODUCT_NAME = "$(TARGET_NAME)";
			};
			name = Release;
		};
		04561BF21C3229E500326192 /* Debug */ = {
			isa = XCBuildConfiguration;
			buildSettings = {
				BUNDLE_LOADER = "$(TEST_HOST)";
				INFOPLIST_FILE = SliderGuideDemoTests/Info.plist;
				LD_RUNPATH_SEARCH_PATHS = "$(inherited) @executable_path/Frameworks @loader_path/Frameworks";
				PRODUCT_BUNDLE_IDENTIFIER = zhanglei.SliderGuideDemoTests;
				PRODUCT_NAME = "$(TARGET_NAME)";
				TEST_HOST = "$(BUILT_PRODUCTS_DIR)/SliderGuideDemo.app/SliderGuideDemo";
			};
			name = Debug;
		};
		04561BF31C3229E500326192 /* Release */ = {
			isa = XCBuildConfiguration;
			buildSettings = {
				BUNDLE_LOADER = "$(TEST_HOST)";
				INFOPLIST_FILE = SliderGuideDemoTests/Info.plist;
				LD_RUNPATH_SEARCH_PATHS = "$(inherited) @executable_path/Frameworks @loader_path/Frameworks";
				PRODUCT_BUNDLE_IDENTIFIER = zhanglei.SliderGuideDemoTests;
				PRODUCT_NAME = "$(TARGET_NAME)";
				TEST_HOST = "$(BUILT_PRODUCTS_DIR)/SliderGuideDemo.app/SliderGuideDemo";
			};
			name = Release;
		};
		04561BF51C3229E500326192 /* Debug */ = {
			isa = XCBuildConfiguration;
			buildSettings = {
				INFOPLIST_FILE = SliderGuideDemoUITests/Info.plist;
				LD_RUNPATH_SEARCH_PATHS = "$(inherited) @executable_path/Frameworks @loader_path/Frameworks";
				PRODUCT_BUNDLE_IDENTIFIER = zhanglei.SliderGuideDemoUITests;
				PRODUCT_NAME = "$(TARGET_NAME)";
				TEST_TARGET_NAME = SliderGuideDemo;
				USES_XCTRUNNER = YES;
			};
			name = Debug;
		};
		04561BF61C3229E500326192 /* Release */ = {
			isa = XCBuildConfiguration;
			buildSettings = {
				INFOPLIST_FILE = SliderGuideDemoUITests/Info.plist;
				LD_RUNPATH_SEARCH_PATHS = "$(inherited) @executable_path/Frameworks @loader_path/Frameworks";
				PRODUCT_BUNDLE_IDENTIFIER = zhanglei.SliderGuideDemoUITests;
				PRODUCT_NAME = "$(TARGET_NAME)";
				TEST_TARGET_NAME = SliderGuideDemo;
				USES_XCTRUNNER = YES;
			};
			name = Release;
		};
/* End XCBuildConfiguration section */

/* Begin XCConfigurationList section */
		04561BBC1C3229E500326192 /* Build configuration list for PBXProject "SliderGuideDemo" */ = {
			isa = XCConfigurationList;
			buildConfigurations = (
				04561BEC1C3229E500326192 /* Debug */,
				04561BED1C3229E500326192 /* Release */,
			);
			defaultConfigurationIsVisible = 0;
			defaultConfigurationName = Release;
		};
		04561BEE1C3229E500326192 /* Build configuration list for PBXNativeTarget "SliderGuideDemo" */ = {
			isa = XCConfigurationList;
			buildConfigurations = (
				04561BEF1C3229E500326192 /* Debug */,
				04561BF01C3229E500326192 /* Release */,
			);
			defaultConfigurationIsVisible = 0;
		};
		04561BF11C3229E500326192 /* Build configuration list for PBXNativeTarget "SliderGuideDemoTests" */ = {
			isa = XCConfigurationList;
			buildConfigurations = (
				04561BF21C3229E500326192 /* Debug */,
				04561BF31C3229E500326192 /* Release */,
			);
			defaultConfigurationIsVisible = 0;
		};
		04561BF41C3229E500326192 /* Build configuration list for PBXNativeTarget "SliderGuideDemoUITests" */ = {
			isa = XCConfigurationList;
			buildConfigurations = (
				04561BF51C3229E500326192 /* Debug */,
				04561BF61C3229E500326192 /* Release */,
			);
			defaultConfigurationIsVisible = 0;
		};
/* End XCConfigurationList section */
	};
	rootObject = 04561BB91C3229E500326192 /* Project object */;
}
